
Microsoft Visual Studio Solution File, Format Version 11.00
# Visual Studio 2010
Project("{FAE04EC0-301F-11D3-BF4B-00C04F79EFBC}") = "TaskRunner", "TaskRunner\TaskRunner.csproj", "{2976D855-20E5-4290-9FC9-17A2468D79AE}"
EndProject
Project("{FAE04EC0-301F-11D3-BF4B-00C04F79EFBC}") = "TaskRunner.Sample", "TaskRunner.Sample\TaskRunner.Sample.csproj", "{261A664B-9079-4A2D-A5C3-566B25E7387E}"
EndProject
Global
	GlobalSection(SolutionConfigurationPlatforms) = preSolution
		Debug|Any CPU = Debug|Any CPU
		Debug|Mixed Platforms = Debug|Mixed Platforms
		Debug|x86 = Debug|x86
		Release|Any CPU = Release|Any CPU
		Release|Mixed Platforms = Release|Mixed Platforms
		Release|x86 = Release|x86
	EndGlobalSection
	GlobalSection(ProjectConfigurationPlatforms) = postSolution
		{2976D855-20E5-4290-9FC9-17A2468D79AE}.Debug|Any CPU.ActiveCfg = Debug|Any CPU
		{2976D855-20E5-4290-9FC9-17A2468D79AE}.Debug|Any CPU.Build.0 = Debug|Any CPU
		{2976D855-20E5-4290-9FC9-17A2468D79AE}.Debug|Mixed Platforms.ActiveCfg = Debug|Any CPU
		{2976D855-20E5-4290-9FC9-17A2468D79AE}.Debug|Mixed Platforms.Build.0 = Debug|Any CPU
		{2976D855-20E5-4290-9FC9-17A2468D79AE}.Debug|x86.ActiveCfg = Debug|Any CPU
		{2976D855-20E5-4290-9FC9-17A2468D79AE}.Release|Any CPU.ActiveCfg = Release|Any CPU
		{2976D855-20E5-4290-9FC9-17A2468D79AE}.Release|Any CPU.Build.0 = Release|Any CPU
		{2976D855-20E5-4290-9FC9-17A2468D79AE}.Release|Mixed Platforms.ActiveCfg = Release|Any CPU
		{2976D855-20E5-4290-9FC9-17A2468D79AE}.Release|Mixed Platforms.Build.0 = Release|Any CPU
		{2976D855-20E5-4290-9FC9-17A2468D79AE}.Release|x86.ActiveCfg = Release|Any CPU
		{261A664B-9079-4A2D-A5C3-566B25E7387E}.Debug|Any CPU.ActiveCfg = Debug|x86
		{261A664B-9079-4A2D-A5C3-566B25E7387E}.Debug|Mixed Platforms.ActiveCfg = Debug|x86
		{261A664B-9079-4A2D-A5C3-566B25E7387E}.Debug|Mixed Platforms.Build.0 = Debug|x86
		{261A664B-9079-4A2D-A5C3-566B25E7387E}.Debug|x86.ActiveCfg = Debug|x86
		{261A664B-9079-4A2D-A5C3-566B25E7387E}.Debug|x86.Build.0 = Debug|x86
		{261A664B-9079-4A2D-A5C3-566B25E7387E}.Release|Any CPU.ActiveCfg = Release|x86
		{261A664B-9079-4A2D-A5C3-566B25E7387E}.Release|Mixed Platforms.ActiveCfg = Release|x86
		{261A664B-9079-4A2D-A5C3-566B25E7387E}.Release|Mixed Platforms.Build.0 = Release|x86
		{261A664B-9079-4A2D-A5C3-566B25E7387E}.Release|x86.ActiveCfg = Release|x86
		{261A664B-9079-4A2D-A5C3-566B25E7387E}.Release|x86.Build.0 = Release|x86
	EndGlobalSection
	GlobalSection(SolutionProperties) = preSolution
		HideSolutionNode = FALSE
	EndGlobalSection
EndGlobal
